PODS:
  - AFNetworking (3.2.0):
    - AFNetworking/NSURLSession (= 3.2.0)
    - AFNetworking/Reachability (= 3.2.0)
    - AFNetworking/Security (= 3.2.0)
    - AFNetworking/Serialization (= 3.2.0)
    - AFNetworking/UIKit (= 3.2.0)
  - AFNetworking/NSURLSession (3.2.0):
    - AFNetworking/Reachability
    - AFNetworking/Security
    - AFNetworking/Serialization
  - AFNetworking/Reachability (3.2.0)
  - AFNetworking/Security (3.2.0)
  - AFNetworking/Serialization (3.2.0)
  - AFNetworking/UIKit (3.2.0):
    - AFNetworking/NSURLSession
  - IQKeyboardManager (5.0.7)
  - Masonry (1.1.0)
  - MJExtension (3.0.13)
  - MJRefresh (3.1.15.3)
  - PPKit (0.0.00060):
    - PPKit/PPCategories (= 0.0.00060)
    - PPKit/PPDependencyCategories (= 0.0.00060)
    - PPKit/PPHelpers (= 0.0.00060)
  - PPKit/PPCategories (0.0.00060):
    - PPKit/PPCategories/NS (= 0.0.00060)
    - PPKit/PPCategories/UI (= 0.0.00060)
  - PPKit/PPCategories/NS (0.0.00060):
    - PPKit/PPCategories/NS/NSArray (= 0.0.00060)
    - PPKit/PPCategories/NS/NSData (= 0.0.00060)
    - PPKit/PPCategories/NS/NSObject (= 0.0.00060)
    - PPKit/PPCategories/NS/NSString (= 0.0.00060)
  - PPKit/PPCategories/NS/NSArray (0.0.00060)
  - PPKit/PPCategories/NS/NSData (0.0.00060)
  - PPKit/PPCategories/NS/NSObject (0.0.00060)
  - PPKit/PPCategories/NS/NSString (0.0.00060):
    - PPKit/PPHelpers
  - PPKit/PPCategories/UI (0.0.00060):
    - PPKit/PPCategories/UI/UIButton (= 0.0.00060)
    - PPKit/PPCategories/UI/UIColor (= 0.0.00060)
    - PPKit/PPCategories/UI/UIControl (= 0.0.00060)
    - PPKit/PPCategories/UI/UIScreen (= 0.0.00060)
    - PPKit/PPCategories/UI/UITableView (= 0.0.00060)
    - PPKit/PPCategories/UI/UIView (= 0.0.00060)
    - PPKit/PPCategories/UI/UIViewController (= 0.0.00060)
  - PPKit/PPCategories/UI/UIButton (0.0.00060)
  - PPKit/PPCategories/UI/UIColor (0.0.00060)
  - PPKit/PPCategories/UI/UIControl (0.0.00060):
    - PPKit/PPCategories/NS/NSObject
  - PPKit/PPCategories/UI/UIScreen (0.0.00060)
  - PPKit/PPCategories/UI/UITableView (0.0.00060)
  - PPKit/PPCategories/UI/UIView (0.0.00060)
  - PPKit/PPCategories/UI/UIViewController (0.0.00060):
    - PPKit/PPCategories/NS/NSObject
  - PPKit/PPDependencyCategories (0.0.00060):
    - YYText (~> 1.0.7)
  - PPKit/PPHelpers (0.0.00060)
  - ReactiveObjC (3.0.0)
  - Realm (3.1.1):
    - Realm/Headers (= 3.1.1)
  - Realm/Headers (3.1.1)
  - SDWebImage (4.3.0):
    - SDWebImage/Core (= 4.3.0)
  - SDWebImage/Core (4.3.0)
  - Shimmer (1.0.2)
  - WCDB (1.0.6):
    - WCDB/sqlcipher (= 1.0.6)
  - WCDB/sqlcipher (1.0.6)
  - YTKNetwork (2.0.4):
    - AFNetworking (~> 3.0)
  - YYText (1.0.7)

DEPENDENCIES:
  - AFNetworking
  - IQKeyboardManager
  - Masonry
  - MJExtension
  - MJRefresh
  - PPKit (= 0.0.00060)
  - ReactiveObjC (~> 3.0.0)
  - Realm
  - SDWebImage
  - Shimmer (~> 1.0.2)
  - WCDB
  - YTKNetwork

SPEC CHECKSUMS:
  AFNetworking: 8ac6017b94ea105479f7776e5288e48ae9c59bb4
  IQKeyboardManager: 0bfa4607d39924116b5c0c8b55b5d789288b5cba
  Masonry: 678fab65091a9290e40e2832a55e7ab731aad201
  MJExtension: 5932755f451458eefa24239358817f8d291240c7
  MJRefresh: b48380ae2b927b46c4ef000de9adb8dc748e1df7
  PPKit: 6b3f660dae8d29b98c93808b45457816d05e19f7
  ReactiveObjC: ce79989e8684b9086b5f8d0c74bc7b81a8729c9e
  Realm: 42d1c38a5b1bbcc828b48a7ce702cb86fc68adf4
  SDWebImage: 6da6c8bca115addc4de8613362e1b15f66333825
  Shimmer: c5374be1c2b0c9e292fb05b339a513cf291cac86
  WCDB: 4d2926bf695b2e00d785b50afd32c2dcc8cbbd98
  YTKNetwork: df8a7a5597bda1664a4efaa7ef871a818a887fe0
  YYText: 5c461d709e24d55a182d1441c41dc639a18a4849

PODFILE CHECKSUM: 68f2e92a68c8576be42498df93d2044242e93dec

COCOAPODS: 1.3.1
