PODS:
  - AFNetworking (4.0.1):
    - AFNetworking/NSURLSession (= 4.0.1)
    - AFNetworking/Reachability (= 4.0.1)
    - AFNetworking/Security (= 4.0.1)
    - AFNetworking/Serialization (= 4.0.1)
    - AFNetworking/UIKit (= 4.0.1)
  - AFNetworking/NSURLSession (4.0.1):
    - AFNetworking/Reachability
    - AFNetworking/Security
    - AFNetworking/Serialization
  - AFNetworking/Reachability (4.0.1)
  - AFNetworking/Security (4.0.1)
  - AFNetworking/Serialization (4.0.1)
  - AFNetworking/UIKit (4.0.1):
    - AFNetworking/NSURLSession
  - Down (0.9.4)
  - MJExtension (3.2.2)
  - MJRefresh (3.5.0)
  - PPMaker (0.0.265):
    - PPMaker/PPMake (= 0.0.265)
    - PPMaker/PPMakeCategory (= 0.0.265)
    - PPMaker/PPToolMaker (= 0.0.265)
  - PPMaker/PPMake (0.0.265):
    - PPMaker/PPMakeCategory
  - PPMaker/PPMakeCategory (0.0.265):
    - PPMaker/PPMakeCategory/Foundation (= 0.0.265)
    - PPMaker/PPMakeCategory/UIKit (= 0.0.265)
  - PPMaker/PPMakeCategory/Foundation (0.0.265):
    - PPMaker/PPMakeCategory/Foundation/NSDate (= 0.0.265)
    - PPMaker/PPMakeCategory/Foundation/NSMutableArray (= 0.0.265)
    - PPMaker/PPMakeCategory/Foundation/NSMutableAttributedString (= 0.0.265)
    - PPMaker/PPMakeCategory/Foundation/NSObject (= 0.0.265)
    - PPMaker/PPMakeCategory/Foundation/NSString (= 0.0.265)
  - PPMaker/PPMakeCategory/Foundation/NSDate (0.0.265)
  - PPMaker/PPMakeCategory/Foundation/NSMutableArray (0.0.265)
  - PPMaker/PPMakeCategory/Foundation/NSMutableAttributedString (0.0.265)
  - PPMaker/PPMakeCategory/Foundation/NSObject (0.0.265)
  - PPMaker/PPMakeCategory/Foundation/NSString (0.0.265)
  - PPMaker/PPMakeCategory/UIKit (0.0.265):
    - PPMaker/PPMakeCategory/UIKit/UIButton (= 0.0.265)
    - PPMaker/PPMakeCategory/UIKit/UIColor (= 0.0.265)
    - PPMaker/PPMakeCategory/UIKit/UIDevice (= 0.0.265)
    - PPMaker/PPMakeCategory/UIKit/UIImage (= 0.0.265)
    - PPMaker/PPMakeCategory/UIKit/UIScrollView (= 0.0.265)
    - PPMaker/PPMakeCategory/UIKit/UITableView (= 0.0.265)
    - PPMaker/PPMakeCategory/UIKit/UITableViewCell (= 0.0.265)
    - PPMaker/PPMakeCategory/UIKit/UIView (= 0.0.265)
    - PPMaker/PPMakeCategory/UIKit/UIViewController (= 0.0.265)
  - PPMaker/PPMakeCategory/UIKit/UIButton (0.0.265):
    - PPMaker/PPMakeCategory/Foundation/NSObject
  - PPMaker/PPMakeCategory/UIKit/UIColor (0.0.265)
  - PPMaker/PPMakeCategory/UIKit/UIDevice (0.0.265)
  - PPMaker/PPMakeCategory/UIKit/UIImage (0.0.265)
  - PPMaker/PPMakeCategory/UIKit/UIScrollView (0.0.265)
  - PPMaker/PPMakeCategory/UIKit/UITableView (0.0.265)
  - PPMaker/PPMakeCategory/UIKit/UITableViewCell (0.0.265)
  - PPMaker/PPMakeCategory/UIKit/UIView (0.0.265):
    - PPMaker/PPMakeCategory/Foundation/NSObject
  - PPMaker/PPMakeCategory/UIKit/UIViewController (0.0.265)
  - PPMaker/PPToolMaker (0.0.265)
  - PPTextField (0.0.2)
  - SDWebImage (5.10.0):
    - SDWebImage/Core (= 5.10.0)
  - SDWebImage/Core (5.10.0)
  - SQLiteRepairKit (1.2.2):
    - WCDBOptimizedSQLCipher (~> 1.2.0)
  - Toast (4.0.0)
  - WCDB (1.0.7.5):
    - SQLiteRepairKit (~> 1.2.0)
    - WCDBOptimizedSQLCipher (~> 1.2.0)
  - WCDBOptimizedSQLCipher (1.2.1)
  - YTKNetwork (3.0.4):
    - AFNetworking/NSURLSession (~> 4.0)
  - YYKit (1.0.9):
    - YYKit/no-arc (= 1.0.9)
  - YYKit/no-arc (1.0.9)

DEPENDENCIES:
  - AFNetworking
  - Down
  - MJExtension
  - MJRefresh
  - PPMaker (from `../PPMaker`)
  - PPTextField (from `../PPTextField`)
  - SDWebImage (from `../SDWebImage`)
  - Toast
  - WCDB
  - YTKNetwork
  - YYKit

SPEC REPOS:
  https://github.com/CocoaPods/Specs.git:
    - AFNetworking
    - Down
    - MJExtension
    - MJRefresh
    - SQLiteRepairKit
    - Toast
    - WCDB
    - WCDBOptimizedSQLCipher
    - YTKNetwork
    - YYKit

EXTERNAL SOURCES:
  PPMaker:
    :path: "../PPMaker"
  PPTextField:
    :path: "../PPTextField"
  SDWebImage:
    :path: "../SDWebImage"

SPEC CHECKSUMS:
  AFNetworking: 7864c38297c79aaca1500c33288e429c3451fdce
  Down: 276f2c3eeeaf30345873bdad25f44b2640fcfa3a
  MJExtension: d9b9c74cbdeb724c1e9ecbb157b318276e62e876
  MJRefresh: 6afc955813966afb08305477dd7a0d9ad5e79a16
  PPMaker: ae625f87d2332b5f286734c15622a9feb9343c06
  PPTextField: 34b5e67ba9892575134f6c351f11010503ea465c
  SDWebImage: 9169792e9eec3e45bba2a0c02f74bf8bd922d1ee
  SQLiteRepairKit: 35aaae5a8838adb85f5b1eb4d796055be6060a4b
  Toast: 91b396c56ee72a5790816f40d3a94dd357abc196
  WCDB: 8e90babdeb7784c569353a4bd22a66c0a175a882
  WCDBOptimizedSQLCipher: baf44493b0c7a3d49e97bc5b64a3856f6428ddd1
  YTKNetwork: a096f80c18c7e7cc0e623a0fbea0a1bfd3f5bcf2
  YYKit: 7cda43304a8dc3696c449041e2cb3107b4e236e7

PODFILE CHECKSUM: a142cd3e203895d08a2fc8836743d91adb7fbc50

COCOAPODS: 1.10.1
